
Microsoft Visual Studio Solution File, Format Version 12.00
# Visual Studio Version 17
VisualStudioVersion = 17.14.36401.2
MinimumVisualStudioVersion = 10.0.40219.1
Project("{FAE04EC0-301F-11D3-BF4B-00C04F79EFBC}") = "WebApplication1", "WebApplication1\WebApplication1.csproj", "{6AF85A3E-982D-4E46-9B24-B1DC7FC695FC}"
EndProject
Project("{FAE04EC0-301F-11D3-BF4B-00C04F79EFBC}") = "TestSensors", "TestSensors\TestSensors.csproj", "{B439E6EB-97B3-4E34-A136-FB7ECA303B9C}"
EndProject
Global
	GlobalSection(SolutionConfigurationPlatforms) = preSolution
		Debug|Any CPU = Debug|Any CPU
		Release|Any CPU = Release|Any CPU
	EndGlobalSection
	GlobalSection(ProjectConfigurationPlatforms) = postSolution
		{6AF85A3E-982D-4E46-9B24-B1DC7FC695FC}.Debug|Any CPU.ActiveCfg = Debug|Any CPU
		{6AF85A3E-982D-4E46-9B24-B1DC7FC695FC}.Debug|Any CPU.Build.0 = Debug|Any CPU
		{6AF85A3E-982D-4E46-9B24-B1DC7FC695FC}.Release|Any CPU.ActiveCfg = Release|Any CPU
		{6AF85A3E-982D-4E46-9B24-B1DC7FC695FC}.Release|Any CPU.Build.0 = Release|Any CPU
		{B439E6EB-97B3-4E34-A136-FB7ECA303B9C}.Debug|Any CPU.ActiveCfg = Debug|Any CPU
		{B439E6EB-97B3-4E34-A136-FB7ECA303B9C}.Debug|Any CPU.Build.0 = Debug|Any CPU
		{B439E6EB-97B3-4E34-A136-FB7ECA303B9C}.Release|Any CPU.ActiveCfg = Release|Any CPU
		{B439E6EB-97B3-4E34-A136-FB7ECA303B9C}.Release|Any CPU.Build.0 = Release|Any CPU
	EndGlobalSection
	GlobalSection(SolutionProperties) = preSolution
		HideSolutionNode = FALSE
	EndGlobalSection
	GlobalSection(ExtensibilityGlobals) = postSolution
		SolutionGuid = {29808545-856B-4966-B603-FDC0003DB4A5}
	EndGlobalSection
EndGlobal
